
Microsoft Visual Studio Solution File, Format Version 12.00
# Visual Studio Version 16
VisualStudioVersion = 25.0.1706.6
MinimumVisualStudioVersion = 10.0.40219.1
Project("{FAE04EC0-301F-11D3-BF4B-00C04F79EFBC}") = "LAB1", "LAB1.csproj", "{31ED96E5-96F5-48D9-8129-B7B745153B0B}"
EndProject
Global
	GlobalSection(SolutionConfigurationPlatforms) = preSolution
		Debug|Any CPU = Debug|Any CPU
		Release|Any CPU = Release|Any CPU
	EndGlobalSection
	GlobalSection(ProjectConfigurationPlatforms) = postSolution
		{31ED96E5-96F5-48D9-8129-B7B745153B0B}.Debug|Any CPU.ActiveCfg = Debug|Any CPU
		{31ED96E5-96F5-48D9-8129-B7B745153B0B}.Debug|Any CPU.Build.0 = Debug|Any CPU
		{31ED96E5-96F5-48D9-8129-B7B745153B0B}.Release|Any CPU.ActiveCfg = Release|Any CPU
		{31ED96E5-96F5-48D9-8129-B7B745153B0B}.Release|Any CPU.Build.0 = Release|Any CPU
	EndGlobalSection
	GlobalSection(SolutionProperties) = preSolution
		HideSolutionNode = FALSE
	EndGlobalSection
	GlobalSection(ExtensibilityGlobals) = postSolution
		SolutionGuid = {7765B819-69DC-43FA-9FFC-EA649B2EF460}
	EndGlobalSection
EndGlobal
