
Microsoft Visual Studio Solution File, Format Version 12.00
# Visual Studio Version 16
VisualStudioVersion = 25.0.1706.6
MinimumVisualStudioVersion = 10.0.40219.1
Project("{FAE04EC0-301F-11D3-BF4B-00C04F79EFBC}") = "LAB2", "LAB2.csproj", "{8BB69A86-3376-4E2C-BD00-0845BA0A86CB}"
EndProject
Global
	GlobalSection(SolutionConfigurationPlatforms) = preSolution
		Debug|Any CPU = Debug|Any CPU
		Release|Any CPU = Release|Any CPU
	EndGlobalSection
	GlobalSection(ProjectConfigurationPlatforms) = postSolution
		{8BB69A86-3376-4E2C-BD00-0845BA0A86CB}.Debug|Any CPU.ActiveCfg = Debug|Any CPU
		{8BB69A86-3376-4E2C-BD00-0845BA0A86CB}.Debug|Any CPU.Build.0 = Debug|Any CPU
		{8BB69A86-3376-4E2C-BD00-0845BA0A86CB}.Release|Any CPU.ActiveCfg = Release|Any CPU
		{8BB69A86-3376-4E2C-BD00-0845BA0A86CB}.Release|Any CPU.Build.0 = Release|Any CPU
	EndGlobalSection
	GlobalSection(SolutionProperties) = preSolution
		HideSolutionNode = FALSE
	EndGlobalSection
	GlobalSection(ExtensibilityGlobals) = postSolution
		SolutionGuid = {072F7C3D-56F6-40B8-846C-A55BBC04801F}
	EndGlobalSection
EndGlobal
